<?xml version='1.0' encoding='utf-8'?>
<Project xmlns="http://schemas.microsoft.com/developer/msbuild/2003" ToolsVersion="4.0">
  <ItemGroup>
    <Filter Include="Header Files">
      <UniqueIdentifier>{A8BF398D-A81A-51DA-808A-9385E431ABA5}</UniqueIdentifier>
    </Filter>
    <Filter Include="Source Files">
      <UniqueIdentifier>{52A31BED-BACD-59D4-8529-8F7F93D65268}</UniqueIdentifier>
    </Filter>
    <Filter Include="include">
      <UniqueIdentifier>{E1B08BAB-5CBF-5DC7-99B8-CA70D4E11D84}</UniqueIdentifier>
    </Filter>
    <Filter Include="include\Physics">
      <UniqueIdentifier>{4338BB3F-B28B-533C-B8E9-006B5D1E80BC}</UniqueIdentifier>
    </Filter>
    <Filter Include="src">
      <UniqueIdentifier>{A1EE5E46-4A4A-50E7-BEEC-00803E211037}</UniqueIdentifier>
    </Filter>
    <Filter Include="src\Physics">
      <UniqueIdentifier>{2C027ADE-B478-55F2-B1EA-884A5E92AE45}</UniqueIdentifier>
    </Filter>
  </ItemGroup>
  <ItemGroup>
    <ClInclude Include="include\Physics\AABB.h">
      <Filter>include\Physics</Filter>
    </ClInclude>
    <ClInclude Include="include\Physics\CollisionResolver.h">
      <Filter>include\Physics</Filter>
    </ClInclude>
    <ClInclude Include="include\Physics\PhysicsSystem.h">
      <Filter>include\Physics</Filter>
    </ClInclude>
    <ClInclude Include="framework.h">
      <Filter>Header Files</Filter>
    </ClInclude>
    <ClInclude Include="pch.h">
      <Filter>Header Files</Filter>
    </ClInclude>
  </ItemGroup>
  <ItemGroup>
    <ClCompile Include="src\Physics\CollisionResolver.cpp">
      <Filter>src\Physics</Filter>
    </ClCompile>
    <ClCompile Include="src\Physics\PhysicsSystem.cpp">
      <Filter>src\Physics</Filter>
    </ClCompile>
    <ClCompile Include="PhysicsEngine.cpp">
      <Filter>Source Files</Filter>
    </ClCompile>
    <ClCompile Include="pch.cpp">
      <Filter>Source Files</Filter>
    </ClCompile>
  </ItemGroup>
</Project>