<?xml version='1.0' encoding='utf-8'?>
<Project xmlns="http://schemas.microsoft.com/developer/msbuild/2003" ToolsVersion="4.0">
  <ItemGroup>
    <Filter Include="Header Files">
      <UniqueIdentifier>{A953AD3B-4B21-51B9-AEFA-DB6FF99A4A8B}</UniqueIdentifier>
    </Filter>
    <Filter Include="Source Files">
      <UniqueIdentifier>{B77F789C-6C4B-5B44-A396-62B746DCA2B0}</UniqueIdentifier>
    </Filter>
    <Filter Include="include">
      <UniqueIdentifier>{2A9E5DFB-FC3E-5486-BEFA-DAF105785C28}</UniqueIdentifier>
    </Filter>
    <Filter Include="include\Game">
      <UniqueIdentifier>{3B7617CD-F5BE-5C6C-933B-7E71A362E15E}</UniqueIdentifier>
    </Filter>
    <Filter Include="src">
      <UniqueIdentifier>{5C5CF5E4-F243-5262-8C69-CBC767736F90}</UniqueIdentifier>
    </Filter>
    <Filter Include="src\Game">
      <UniqueIdentifier>{C08FE933-BF5D-5D17-9C45-BC848A6EEBFD}</UniqueIdentifier>
    </Filter>
  </ItemGroup>
  <ItemGroup>
    <ClInclude Include="include\Game\Game.h">
      <Filter>include\Game</Filter>
    </ClInclude>
    <ClInclude Include="include\Game\GameStateManager.h">
      <Filter>include\Game</Filter>
    </ClInclude>
    <ClInclude Include="include\Game\InventorySystem.h">
      <Filter>include\Game</Filter>
    </ClInclude>
    <ClInclude Include="include\Game\PlayerController.h">
      <Filter>include\Game</Filter>
    </ClInclude>
    <ClInclude Include="framework.h">
      <Filter>Header Files</Filter>
    </ClInclude>
    <ClInclude Include="pch.h">
      <Filter>Header Files</Filter>
    </ClInclude>
  </ItemGroup>
  <ItemGroup>
    <ClCompile Include="src\Game\Game.cpp">
      <Filter>src\Game</Filter>
    </ClCompile>
    <ClCompile Include="MCReduxGame.cpp">
      <Filter>Source Files</Filter>
    </ClCompile>
    <ClCompile Include="pch.cpp">
      <Filter>Source Files</Filter>
    </ClCompile>
  </ItemGroup>
</Project>